
Microsoft Visual Studio Solution File, Format Version 12.00
Project("{2150E333-8FDC-42A3-9474-1A3956D46DE8}") = "src", "src", "{FCEE280B-B553-43F2-ABAD-1B19D4CD01A3}"
EndProject
Project("{2150E333-8FDC-42A3-9474-1A3956D46DE8}") = "services", "services", "{2C728AC8-870E-4BA8-BEDE-08B58B559999}"
EndProject
Project("{2150E333-8FDC-42A3-9474-1A3956D46DE8}") = "catalog", "catalog", "{F2CB3FE0-8E82-4147-8D9A-53C761388F4B}"
EndProject
Project("{FAE04EC0-301F-11D3-BF4B-00C04F79EFBC}") = "ExampleMicroservice.Catalog.API", "ExampleMicroservice.Catalog.API\ExampleMicroservice.Catalog.API.csproj", "{4113109E-DBDA-4974-A1F5-F15CF6C1B897}"
EndProject
Project("{2150E333-8FDC-42A3-9474-1A3956D46DE8}") = "Solution Items", "Solution Items", "{E5AFEEBE-0AB6-44AD-83CF-EAD45E04B108}"
	ProjectSection(SolutionItems) = preProject
		docker-compose.yml = docker-compose.yml
		.dockerignore = .dockerignore
		.env = .env
	EndProjectSection
EndProject
Project("{2150E333-8FDC-42A3-9474-1A3956D46DE8}") = "shared", "shared", "{9269C7A4-1FE6-4C77-9C51-ABB916AD0B9A}"
EndProject
Project("{FAE04EC0-301F-11D3-BF4B-00C04F79EFBC}") = "ExampleMicroservice.Shared", "ExampleMicroservice.Shared\ExampleMicroservice.Shared.csproj", "{E0E125DE-FB5C-4BEB-A0F6-0F2CBA1780E0}"
EndProject
Global
	GlobalSection(SolutionConfigurationPlatforms) = preSolution
		Debug|Any CPU = Debug|Any CPU
		Release|Any CPU = Release|Any CPU
	EndGlobalSection
	GlobalSection(NestedProjects) = preSolution
		{2C728AC8-870E-4BA8-BEDE-08B58B559999} = {FCEE280B-B553-43F2-ABAD-1B19D4CD01A3}
		{F2CB3FE0-8E82-4147-8D9A-53C761388F4B} = {2C728AC8-870E-4BA8-BEDE-08B58B559999}
		{4113109E-DBDA-4974-A1F5-F15CF6C1B897} = {F2CB3FE0-8E82-4147-8D9A-53C761388F4B}
		{9269C7A4-1FE6-4C77-9C51-ABB916AD0B9A} = {FCEE280B-B553-43F2-ABAD-1B19D4CD01A3}
		{E0E125DE-FB5C-4BEB-A0F6-0F2CBA1780E0} = {9269C7A4-1FE6-4C77-9C51-ABB916AD0B9A}
	EndGlobalSection
	GlobalSection(ProjectConfigurationPlatforms) = postSolution
		{4113109E-DBDA-4974-A1F5-F15CF6C1B897}.Debug|Any CPU.ActiveCfg = Debug|Any CPU
		{4113109E-DBDA-4974-A1F5-F15CF6C1B897}.Debug|Any CPU.Build.0 = Debug|Any CPU
		{4113109E-DBDA-4974-A1F5-F15CF6C1B897}.Release|Any CPU.ActiveCfg = Release|Any CPU
		{4113109E-DBDA-4974-A1F5-F15CF6C1B897}.Release|Any CPU.Build.0 = Release|Any CPU
		{E0E125DE-FB5C-4BEB-A0F6-0F2CBA1780E0}.Debug|Any CPU.ActiveCfg = Debug|Any CPU
		{E0E125DE-FB5C-4BEB-A0F6-0F2CBA1780E0}.Debug|Any CPU.Build.0 = Debug|Any CPU
		{E0E125DE-FB5C-4BEB-A0F6-0F2CBA1780E0}.Release|Any CPU.ActiveCfg = Release|Any CPU
		{E0E125DE-FB5C-4BEB-A0F6-0F2CBA1780E0}.Release|Any CPU.Build.0 = Release|Any CPU
	EndGlobalSection
EndGlobal
